
Microsoft Visual Studio Solution File, Format Version 12.00
# Visual Studio Version 17
VisualStudioVersion = 17.5.33627.172
MinimumVisualStudioVersion = 10.0.40219.1
Project("{FAE04EC0-301F-11D3-BF4B-00C04F79EFBC}") = "Fitness_Software", "Fitness_Software\Fitness_Software.csproj", "{01090108-023F-4524-BD7B-A74A420A3CC1}"
EndProject
Global
	GlobalSection(SolutionConfigurationPlatforms) = preSolution
		Debug|Any CPU = Debug|Any CPU
		Release|Any CPU = Release|Any CPU
	EndGlobalSection
	GlobalSection(ProjectConfigurationPlatforms) = postSolution
		{01090108-023F-4524-BD7B-A74A420A3CC1}.Debug|Any CPU.ActiveCfg = Debug|Any CPU
		{01090108-023F-4524-BD7B-A74A420A3CC1}.Debug|Any CPU.Build.0 = Debug|Any CPU
		{01090108-023F-4524-BD7B-A74A420A3CC1}.Release|Any CPU.ActiveCfg = Release|Any CPU
		{01090108-023F-4524-BD7B-A74A420A3CC1}.Release|Any CPU.Build.0 = Release|Any CPU
	EndGlobalSection
	GlobalSection(SolutionProperties) = preSolution
		HideSolutionNode = FALSE
	EndGlobalSection
	GlobalSection(ExtensibilityGlobals) = postSolution
		SolutionGuid = {A246E2D6-4E13-44C7-8BE7-1970DBCBC1A1}
	EndGlobalSection
EndGlobal
